
Microsoft Visual Studio Solution File, Format Version 12.00
# Visual Studio 14
VisualStudioVersion = 14.0.24720.0
MinimumVisualStudioVersion = 10.0.40219.1
Project("{FAE04EC0-301F-11D3-BF4B-00C04F79EFBC}") = "Savory.Repository", "Savory.Repository\Savory.Repository.csproj", "{E7ABB999-7BAC-4A66-B609-CD5532E5DC4A}"
EndProject
Project("{2150E333-8FDC-42A3-9474-1A3956D46DE8}") = "Solution Items", "Solution Items", "{35A3EEC1-C874-4896-B232-57BC24F03F6B}"
	ProjectSection(SolutionItems) = preProject
		Savory.Repository.bat = Savory.Repository.bat
		Savory.Repository.nuspec = Savory.Repository.nuspec
	EndProjectSection
EndProject
Global
	GlobalSection(SolutionConfigurationPlatforms) = preSolution
		Debug|Any CPU = Debug|Any CPU
		Release|Any CPU = Release|Any CPU
	EndGlobalSection
	GlobalSection(ProjectConfigurationPlatforms) = postSolution
		{E7ABB999-7BAC-4A66-B609-CD5532E5DC4A}.Debug|Any CPU.ActiveCfg = Debug|Any CPU
		{E7ABB999-7BAC-4A66-B609-CD5532E5DC4A}.Debug|Any CPU.Build.0 = Debug|Any CPU
		{E7ABB999-7BAC-4A66-B609-CD5532E5DC4A}.Release|Any CPU.ActiveCfg = Release|Any CPU
		{E7ABB999-7BAC-4A66-B609-CD5532E5DC4A}.Release|Any CPU.Build.0 = Release|Any CPU
	EndGlobalSection
	GlobalSection(SolutionProperties) = preSolution
		HideSolutionNode = FALSE
	EndGlobalSection
EndGlobal
